PODS:
  - DistanceGetter (0.2)

DEPENDENCIES:
  - DistanceGetter (~> 0.1)

SPEC REPOS:
  https://github.com/cocoapods/specs.git:
    - DistanceGetter

SPEC CHECKSUMS:
  DistanceGetter: 868fa28725dd4e7bfaa0ed650abba4f825395f3f

PODFILE CHECKSUM: 4d59b0f41a2a9a16b98f6097043b69e3668a0d49

COCOAPODS: 1.6.1
